
Microsoft Visual Studio Solution File, Format Version 12.00
# Visual Studio 2013
VisualStudioVersion = 12.0.21005.1
MinimumVisualStudioVersion = 10.0.40219.1
Project("{8BC9CEB8-8B4A-11D0-8D11-00A0C91BC942}") = "例4.3 三个数字从小到大输出", "例4.3 三个数字从小到大输出\例4.3 三个数字从小到大输出.vcxproj", "{5C61B656-96CF-4DF4-86B3-C02A922BDBBE}"
EndProject
Global
	GlobalSection(SolutionConfigurationPlatforms) = preSolution
		Debug|Win32 = Debug|Win32
		Release|Win32 = Release|Win32
	EndGlobalSection
	GlobalSection(ProjectConfigurationPlatforms) = postSolution
		{5C61B656-96CF-4DF4-86B3-C02A922BDBBE}.Debug|Win32.ActiveCfg = Debug|Win32
		{5C61B656-96CF-4DF4-86B3-C02A922BDBBE}.Debug|Win32.Build.0 = Debug|Win32
		{5C61B656-96CF-4DF4-86B3-C02A922BDBBE}.Release|Win32.ActiveCfg = Release|Win32
		{5C61B656-96CF-4DF4-86B3-C02A922BDBBE}.Release|Win32.Build.0 = Release|Win32
	EndGlobalSection
	GlobalSection(SolutionProperties) = preSolution
		HideSolutionNode = FALSE
	EndGlobalSection
EndGlobal
